// !$*UTF8*$!
{
	archiveVersion = 1;
	classes = {
	};
	objectVersion = 46;
	objects = {

/* Begin PBXBuildFile section */
		EDB92BD91F13D26D00F94989 /* main.m in Sources */ = {isa = PBXBuildFile; fileRef = EDB92BD81F13D26D00F94989 /* main.m */; };
		EDB92BDC1F13D26D00F94989 /* AppDelegate.m in Sources */ = {isa = PBXBuildFile; fileRef = EDB92BDB1F13D26D00F94989 /* AppDelegate.m */; };
		EDB92BDF1F13D26D00F94989 /* ViewController.m in Sources */ = {isa = PBXBuildFile; fileRef = EDB92BDE1F13D26D00F94989 /* ViewController.m */; };
		EDB92BE21F13D26D00F94989 /* Main.storyboard in Resources */ = {isa = PBXBuildFile; fileRef = EDB92BE01F13D26D00F94989 /* Main.storyboard */; settings = {ASSET_TAGS = (101, ); }; };
		EDB92BE41F13D26D00F94989 /* Assets.xcassets in Resources */ = {isa = PBXBuildFile; fileRef = EDB92BE31F13D26D00F94989 /* Assets.xcassets */; };
		EDB92BE71F13D26D00F94989 /* LaunchScreen.storyboard in Resources */ = {isa = PBXBuildFile; fileRef = EDB92BE51F13D26D00F94989 /* LaunchScreen.storyboard */; };
/* End PBXBuildFile section */

/* Begin PBXFileReference section */
		EDB92BD41F13D26D00F94989 /* myScrollView.app */ = {isa = PBXFileReference; explicitFileType = wrapper.application; includeInIndex = 0; path = myScrollView.app; sourceTree = BUILT_PRODUCTS_DIR; };
		EDB92BD81F13D26D00F94989 /* main.m */ = {isa = PBXFileReference; lastKnownFileType = sourcecode.c.objc; path = main.m; sourceTree = "<group>"; };
		EDB92BDA1F13D26D00F94989 /* AppDelegate.h */ = {isa = PBXFileReference; lastKnownFileType = sourcecode.c.h; path = AppDelegate.h; sourceTree = "<group>"; };
		EDB92BDB1F13D26D00F94989 /* AppDelegate.m */ = {isa = PBXFileReference; lastKnownFileType = sourcecode.c.objc; path = AppDelegate.m; sourceTree = "<group>"; };
		EDB92BDD1F13D26D00F94989 /* ViewController.h */ = {isa = PBXFileReference; lastKnownFileType = sourcecode.c.h; path = ViewController.h; sourceTree = "<group>"; };
		EDB92BDE1F13D26D00F94989 /* ViewController.m */ = {isa = PBXFileReference; lastKnownFileType = sourcecode.c.objc; path = ViewController.m; sourceTree = "<group>"; };
		EDB92BE11F13D26D00F94989 /* Base */ = {isa = PBXFileReference; lastKnownFileType = file.storyboard; name = Base; path = Base.lproj/Main.storyboard; sourceTree = "<group>"; };
		EDB92BE31F13D26D00F94989 /* Assets.xcassets */ = {isa = PBXFileReference; lastKnownFileType = folder.assetcatalog; path = Assets.xcassets; sourceTree = "<group>"; };
		EDB92BE61F13D26D00F94989 /* Base */ = {isa = PBXFileReference; lastKnownFileType = file.storyboard; name = Base; path = Base.lproj/LaunchScreen.storyboard; sourceTree = "<group>"; };
		EDB92BE81F13D26D00F94989 /* Info.plist */ = {isa = PBXFileReference; lastKnownFileType = text.plist.xml; path = Info.plist; sourceTree = "<group>"; };
/* End PBXFileReference section */

/* Begin PBXFrameworksBuildPhase section */
		EDB92BD11F13D26D00F94989 /* Frameworks */ = {
			isa = PBXFrameworksBuildPhase;
			buildActionMask = 2147483647;
			files = (
			);
			runOnlyForDeploymentPostprocessing = 0;
		};
/* End PBXFrameworksBuildPhase section */

/* Begin PBXGroup section */
		EDB92BCB1F13D26D00F94989 = {
			isa = PBXGroup;
			children = (
				EDB92BD61F13D26D00F94989 /* myScrollView */,
				EDB92BD51F13D26D00F94989 /* Products */,
			);
			sourceTree = "<group>";
		};
		EDB92BD51F13D26D00F94989 /* Products */ = {
			isa = PBXGroup;
			children = (
				EDB92BD41F13D26D00F94989 /* myScrollView.app */,
			);
			name = Products;
			sourceTree = "<group>";
		};
		EDB92BD61F13D26D00F94989 /* myScrollView */ = {
			isa = PBXGroup;
			children = (
				EDB92BDA1F13D26D00F94989 /* AppDelegate.h */,
				EDB92BDB1F13D26D00F94989 /* AppDelegate.m */,
				EDB92BDD1F13D26D00F94989 /* ViewController.h */,
				EDB92BDE1F13D26D00F94989 /* ViewController.m */,
				EDB92BE01F13D26D00F94989 /* Main.storyboard */,
				EDB92BE31F13D26D00F94989 /* Assets.xcassets */,
				EDB92BE51F13D26D00F94989 /* LaunchScreen.storyboard */,
				EDB92BE81F13D26D00F94989 /* Info.plist */,
				EDB92BD71F13D26D00F94989 /* Supporting Files */,
			);
			path = myScrollView;
			sourceTree = "<group>";
		};
		EDB92BD71F13D26D00F94989 /* Supporting Files */ = {
			isa = PBXGroup;
			children = (
				EDB92BD81F13D26D00F94989 /* main.m */,
			);
			name = "Supporting Files";
			sourceTree = "<group>";
		};
/* End PBXGroup section */

/* Begin PBXNativeTarget section */
		EDB92BD31F13D26D00F94989 /* myScrollView */ = {
			isa = PBXNativeTarget;
			buildConfigurationList = EDB92BEB1F13D26D00F94989 /* Build configuration list for PBXNativeTarget "myScrollView" */;
			buildPhases = (
				EDB92BD01F13D26D00F94989 /* Sources */,
				EDB92BD11F13D26D00F94989 /* Frameworks */,
				EDB92BD21F13D26D00F94989 /* Resources */,
			);
			buildRules = (
			);
			dependencies = (
			);
			name = myScrollView;
			productName = myScrollView;
			productReference = EDB92BD41F13D26D00F94989 /* myScrollView.app */;
			productType = "com.apple.product-type.application";
		};
/* End PBXNativeTarget section */

/* Begin PBXProject section */
		EDB92BCC1F13D26D00F94989 /* Project object */ = {
			isa = PBXProject;
			attributes = {
				KnownAssetTags = (
					101,
				);
				LastUpgradeCheck = 0830;
				ORGANIZATIONNAME = Shreve.ca;
				TargetAttributes = {
					EDB92BD31F13D26D00F94989 = {
						CreatedOnToolsVersion = 8.3.3;
						DevelopmentTeam = 294FN9LFDB;
						ProvisioningStyle = Automatic;
					};
				};
			};
			buildConfigurationList = EDB92BCF1F13D26D00F94989 /* Build configuration list for PBXProject "myScrollView" */;
			compatibilityVersion = "Xcode 3.2";
			developmentRegion = English;
			hasScannedForEncodings = 0;
			knownRegions = (
				en,
				Base,
			);
			mainGroup = EDB92BCB1F13D26D00F94989;
			productRefGroup = EDB92BD51F13D26D00F94989 /* Products */;
			projectDirPath = "";
			projectRoot = "";
			targets = (
				EDB92BD31F13D26D00F94989 /* myScrollView */,
			);
		};
/* End PBXProject section */

/* Begin PBXResourcesBuildPhase section */
		EDB92BD21F13D26D00F94989 /* Resources */ = {
			isa = PBXResourcesBuildPhase;
			buildActionMask = 2147483647;
			files = (
				EDB92BE71F13D26D00F94989 /* LaunchScreen.storyboard in Resources */,
				EDB92BE41F13D26D00F94989 /* Assets.xcassets in Resources */,
				EDB92BE21F13D26D00F94989 /* Main.storyboard in Resources */,
			);
			runOnlyForDeploymentPostprocessing = 0;
		};
/* End PBXResourcesBuildPhase section */

/* Begin PBXSourcesBuildPhase section */
		EDB92BD01F13D26D00F94989 /* Sources */ = {
			isa = PBXSourcesBuildPhase;
			buildActionMask = 2147483647;
			files = (
				EDB92BDF1F13D26D00F94989 /* ViewController.m in Sources */,
				EDB92BDC1F13D26D00F94989 /* AppDelegate.m in Sources */,
				EDB92BD91F13D26D00F94989 /* main.m in Sources */,
			);
			runOnlyForDeploymentPostprocessing = 0;
		};
/* End PBXSourcesBuildPhase section */

/* Begin PBXVariantGroup section */
		EDB92BE01F13D26D00F94989 /* Main.storyboard */ = {
			isa = PBXVariantGroup;
			children = (
				EDB92BE11F13D26D00F94989 /* Base */,
			);
			name = Main.storyboard;
			sourceTree = "<group>";
		};
		EDB92BE51F13D26D00F94989 /* LaunchScreen.storyboard */ = {
			isa = PBXVariantGroup;
			children = (
				EDB92BE61F13D26D00F94989 /* Base */,
			);
			name = LaunchScreen.storyboard;
			sourceTree = "<group>";
		};
/* End PBXVariantGroup section */

/* Begin XCBuildConfiguration section */
		EDB92BE91F13D26D00F94989 /* Debug */ = {
			isa = XCBuildConfiguration;
			buildSettings = {
				ALWAYS_SEARCH_USER_PATHS = NO;
				CLANG_ANALYZER_NONNULL = YES;
				CLANG_ANALYZER_NUMBER_OBJECT_CONVERSION = YES_AGGRESSIVE;
				CLANG_CXX_LANGUAGE_STANDARD = "gnu++0x";
				CLANG_CXX_LIBRARY = "libc++";
				CLANG_ENABLE_MODULES = YES;
				CLANG_ENABLE_OBJC_ARC = YES;
				CLANG_WARN_BOOL_CONVERSION = YES;
				CLANG_WARN_CONSTANT_CONVERSION = YES;
				CLANG_WARN_DIRECT_OBJC_ISA_USAGE = YES_ERROR;
				CLANG_WARN_DOCUMENTATION_COMMENTS = YES;
				CLANG_WARN_EMPTY_BODY = YES;
				CLANG_WARN_ENUM_CONVERSION = YES;
				CLANG_WARN_INFINITE_RECURSION = YES;
				CLANG_WARN_INT_CONVERSION = YES;
				CLANG_WARN_OBJC_ROOT_CLASS = YES_ERROR;
				CLANG_WARN_SUSPICIOUS_MOVE = YES;
				CLANG_WARN_UNREACHABLE_CODE = YES;
				CLANG_WARN__DUPLICATE_METHOD_MATCH = YES;
				"CODE_SIGN_IDENTITY[sdk=iphoneos*]" = "iPhone Developer";
				COPY_PHASE_STRIP = NO;
				DEBUG_INFORMATION_FORMAT = dwarf;
				ENABLE_STRICT_OBJC_MSGSEND = YES;
				ENABLE_TESTABILITY = YES;
				GCC_C_LANGUAGE_STANDARD = gnu99;
				GCC_DYNAMIC_NO_PIC = NO;
				GCC_NO_COMMON_BLOCKS = YES;
				GCC_OPTIMIZATION_LEVEL = 0;
				GCC_PREPROCESSOR_DEFINITIONS = (
					"DEBUG=1",
					"$(inherited)",
				);
				GCC_WARN_64_TO_32_BIT_CONVERSION = YES;
				GCC_WARN_ABOUT_RETURN_TYPE = YES_ERROR;
				GCC_WARN_UNDECLARED_SELECTOR = YES;
				GCC_WARN_UNINITIALIZED_AUTOS = YES_AGGRESSIVE;
				GCC_WARN_UNUSED_FUNCTION = YES;
				GCC_WARN_UNUSED_VARIABLE = YES;
				IPHONEOS_DEPLOYMENT_TARGET = 10.3;
				MTL_ENABLE_DEBUG_INFO = YES;
				ONLY_ACTIVE_ARCH = YES;
				SDKROOT = iphoneos;
				TARGETED_DEVICE_FAMILY = "1,2";
			};
			name = Debug;
		};
		EDB92BEA1F13D26D00F94989 /* Release */ = {
			isa = XCBuildConfiguration;
			buildSettings = {
				ALWAYS_SEARCH_USER_PATHS = NO;
				CLANG_ANALYZER_NONNULL = YES;
				CLANG_ANALYZER_NUMBER_OBJECT_CONVERSION = YES_AGGRESSIVE;
				CLANG_CXX_LANGUAGE_STANDARD = "gnu++0x";
				CLANG_CXX_LIBRARY = "libc++";
				CLANG_ENABLE_MODULES = YES;
				CLANG_ENABLE_OBJC_ARC = YES;
				CLANG_WARN_BOOL_CONVERSION = YES;
				CLANG_WARN_CONSTANT_CONVERSION = YES;
				CLANG_WARN_DIRECT_OBJC_ISA_USAGE = YES_ERROR;
				CLANG_WARN_DOCUMENTATION_COMMENTS = YES;
				CLANG_WARN_EMPTY_BODY = YES;
				CLANG_WARN_ENUM_CONVERSION = YES;
				CLANG_WARN_INFINITE_RECURSION = YES;
				CLANG_WARN_INT_CONVERSION = YES;
				CLANG_WARN_OBJC_ROOT_CLASS = YES_ERROR;
				CLANG_WARN_SUSPICIOUS_MOVE = YES;
				CLANG_WARN_UNREACHABLE_CODE = YES;
				CLANG_WARN__DUPLICATE_METHOD_MATCH = YES;
				"CODE_SIGN_IDENTITY[sdk=iphoneos*]" = "iPhone Developer";
				COPY_PHASE_STRIP = NO;
				DEBUG_INFORMATION_FORMAT = "dwarf-with-dsym";
				ENABLE_NS_ASSERTIONS = NO;
				ENABLE_STRICT_OBJC_MSGSEND = YES;
				GCC_C_LANGUAGE_STANDARD = gnu99;
				GCC_NO_COMMON_BLOCKS = YES;
				GCC_WARN_64_TO_32_BIT_CONVERSION = YES;
				GCC_WARN_ABOUT_RETURN_TYPE = YES_ERROR;
				GCC_WARN_UNDECLARED_SELECTOR = YES;
				GCC_WARN_UNINITIALIZED_AUTOS = YES_AGGRESSIVE;
				GCC_WARN_UNUSED_FUNCTION = YES;
				GCC_WARN_UNUSED_VARIABLE = YES;
				IPHONEOS_DEPLOYMENT_TARGET = 10.3;
				MTL_ENABLE_DEBUG_INFO = NO;
				SDKROOT = iphoneos;
				TARGETED_DEVICE_FAMILY = "1,2";
				VALIDATE_PRODUCT = YES;
			};
			name = Release;
		};
		EDB92BEC1F13D26D00F94989 /* Debug */ = {
			isa = XCBuildConfiguration;
			buildSettings = {
				ASSETCATALOG_COMPILER_APPICON_NAME = AppIcon;
				DEVELOPMENT_TEAM = 294FN9LFDB;
				INFOPLIST_FILE = myScrollView/Info.plist;
				LD_RUNPATH_SEARCH_PATHS = "$(inherited) @executable_path/Frameworks";
				PRODUCT_BUNDLE_IDENTIFIER = ca.shreve.myScrollView;
				PRODUCT_NAME = "$(TARGET_NAME)";
			};
			name = Debug;
		};
		EDB92BED1F13D26D00F94989 /* Release */ = {
			isa = XCBuildConfiguration;
			buildSettings = {
				ASSETCATALOG_COMPILER_APPICON_NAME = AppIcon;
				DEVELOPMENT_TEAM = 294FN9LFDB;
				INFOPLIST_FILE = myScrollView/Info.plist;
				LD_RUNPATH_SEARCH_PATHS = "$(inherited) @executable_path/Frameworks";
				PRODUCT_BUNDLE_IDENTIFIER = ca.shreve.myScrollView;
				PRODUCT_NAME = "$(TARGET_NAME)";
			};
			name = Release;
		};
/* End XCBuildConfiguration section */

/* Begin XCConfigurationList section */
		EDB92BCF1F13D26D00F94989 /* Build configuration list for PBXProject "myScrollView" */ = {
			isa = XCConfigurationList;
			buildConfigurations = (
				EDB92BE91F13D26D00F94989 /* Debug */,
				EDB92BEA1F13D26D00F94989 /* Release */,
			);
			defaultConfigurationIsVisible = 0;
			defaultConfigurationName = Release;
		};
		EDB92BEB1F13D26D00F94989 /* Build configuration list for PBXNativeTarget "myScrollView" */ = {
			isa = XCConfigurationList;
			buildConfigurations = (
				EDB92BEC1F13D26D00F94989 /* Debug */,
				EDB92BED1F13D26D00F94989 /* Release */,
			);
			defaultConfigurationIsVisible = 0;
		};
/* End XCConfigurationList section */
	};
	rootObject = EDB92BCC1F13D26D00F94989 /* Project object */;
}
